
Microsoft Visual Studio Solution File, Format Version 12.00
# Visual Studio Version 17
VisualStudioVersion = 17.5.33627.172
MinimumVisualStudioVersion = 10.0.40219.1
Project("{FAE04EC0-301F-11D3-BF4B-00C04F79EFBC}") = "task(2)", "task(2)\task(2).csproj", "{94ED841A-98F1-45EC-8868-BDCDCB0B4E8A}"
EndProject
Global
	GlobalSection(SolutionConfigurationPlatforms) = preSolution
		Debug|Any CPU = Debug|Any CPU
		Release|Any CPU = Release|Any CPU
	EndGlobalSection
	GlobalSection(ProjectConfigurationPlatforms) = postSolution
		{94ED841A-98F1-45EC-8868-BDCDCB0B4E8A}.Debug|Any CPU.ActiveCfg = Debug|Any CPU
		{94ED841A-98F1-45EC-8868-BDCDCB0B4E8A}.Debug|Any CPU.Build.0 = Debug|Any CPU
		{94ED841A-98F1-45EC-8868-BDCDCB0B4E8A}.Release|Any CPU.ActiveCfg = Release|Any CPU
		{94ED841A-98F1-45EC-8868-BDCDCB0B4E8A}.Release|Any CPU.Build.0 = Release|Any CPU
	EndGlobalSection
	GlobalSection(SolutionProperties) = preSolution
		HideSolutionNode = FALSE
	EndGlobalSection
	GlobalSection(ExtensibilityGlobals) = postSolution
		SolutionGuid = {BC7EABA4-83DE-4FB1-B89A-0E5A2707101A}
	EndGlobalSection
EndGlobal
